
Microsoft Visual Studio Solution File, Format Version 12.00
# Visual Studio Version 16
VisualStudioVersion = 16.0.36227.6
MinimumVisualStudioVersion = 10.0.40219.1
Project("{FAE04EC0-301F-11D3-BF4B-00C04F79EFBC}") = "ASP_Assignment_1", "ASP_Assignment_1\ASP_Assignment_1.csproj", "{0D38B31B-FDF8-44F2-A0B8-455B014AE32C}"
EndProject
Global
	GlobalSection(SolutionConfigurationPlatforms) = preSolution
		Debug|Any CPU = Debug|Any CPU
		Release|Any CPU = Release|Any CPU
	EndGlobalSection
	GlobalSection(ProjectConfigurationPlatforms) = postSolution
		{0D38B31B-FDF8-44F2-A0B8-455B014AE32C}.Debug|Any CPU.ActiveCfg = Debug|Any CPU
		{0D38B31B-FDF8-44F2-A0B8-455B014AE32C}.Debug|Any CPU.Build.0 = Debug|Any CPU
		{0D38B31B-FDF8-44F2-A0B8-455B014AE32C}.Release|Any CPU.ActiveCfg = Release|Any CPU
		{0D38B31B-FDF8-44F2-A0B8-455B014AE32C}.Release|Any CPU.Build.0 = Release|Any CPU
	EndGlobalSection
	GlobalSection(SolutionProperties) = preSolution
		HideSolutionNode = FALSE
	EndGlobalSection
	GlobalSection(ExtensibilityGlobals) = postSolution
		SolutionGuid = {DF79161E-3F5D-463E-8287-EA093564CEA8}
	EndGlobalSection
EndGlobal
